
Microsoft Visual Studio Solution File, Format Version 12.00
# Visual Studio Version 17
VisualStudioVersion = 17.7.34202.233
MinimumVisualStudioVersion = 10.0.40219.1
Project("{9A19103F-16F7-4668-BE54-9A1E7A4F7556}") = "X4PK6D_HFT_2023241.ConsoleClient", "X4PK6D_HFT_2023241.Client\X4PK6D_HFT_2023241.ConsoleClient.csproj", "{3F5A8CEF-D0B9-47BD-B1CF-24FA2E4E944D}"
EndProject
Project("{9A19103F-16F7-4668-BE54-9A1E7A4F7556}") = "X4PK6D_HFT_2023241.Models", "X4PK6D_HFT_2023241.Models\X4PK6D_HFT_2023241.Models.csproj", "{0A3EA314-2723-4D8A-B0E3-A75C6865778A}"
EndProject
Project("{9A19103F-16F7-4668-BE54-9A1E7A4F7556}") = "X4PK6D_HFT_2023241.Logic", "X4PK6D_HFT_2023241.Logic\X4PK6D_HFT_2023241.Logic.csproj", "{D4C4F768-0C76-484F-972F-3862EFB24D73}"
EndProject
Project("{9A19103F-16F7-4668-BE54-9A1E7A4F7556}") = "X4PK6D_HFT_2023241.Repository", "X4PK6D_HFT_2023241.Repository\X4PK6D_HFT_2023241.Repository.csproj", "{6575BD7C-9FAF-451F-8E67-9070494EEA5A}"
EndProject
Project("{9A19103F-16F7-4668-BE54-9A1E7A4F7556}") = "X4PK6D_HFT_2023241.Test", "X4PK6D_HFT_2023241.Test\X4PK6D_HFT_2023241.Test.csproj", "{2AE63869-BEAB-4E25-B587-D0DB71506245}"
EndProject
Project("{2150E333-8FDC-42A3-9474-1A3956D46DE8}") = "Backend", "Backend", "{2A422B18-E3F6-428B-8B02-87A5B7642CEE}"
EndProject
Project("{2150E333-8FDC-42A3-9474-1A3956D46DE8}") = "Frontend", "Frontend", "{AD398E6E-778A-41BB-93C9-1A9216E0A609}"
EndProject
Project("{2150E333-8FDC-42A3-9474-1A3956D46DE8}") = "Shared", "Shared", "{F12187B0-3D38-47A5-9354-2DAA4433B8FD}"
EndProject
Project("{2150E333-8FDC-42A3-9474-1A3956D46DE8}") = "Others", "Others", "{078E71D5-15BB-47A7-A269-F6EB8B701328}"
	ProjectSection(SolutionItems) = preProject
		.gitignore = .gitignore
	EndProjectSection
EndProject
Project("{9A19103F-16F7-4668-BE54-9A1E7A4F7556}") = "X4PK6D_HFT_2023241.Endpoint", "X4PK6D_HFT_2023241.Endpoint\X4PK6D_HFT_2023241.Endpoint.csproj", "{F74939C6-39F5-42F6-9D32-C17DC7FD8825}"
EndProject
Project("{9A19103F-16F7-4668-BE54-9A1E7A4F7556}") = "X4PK6D_HFT_2023241.WPFClient", "X4PK6D_HFT_2023241.WPFClient\X4PK6D_HFT_2023241.WPFClient.csproj", "{E6C5AE14-2622-4E89-A6B6-C0E62349B391}"
EndProject
Project("{FAE04EC0-301F-11D3-BF4B-00C04F79EFBC}") = "X4PK6D_2023241.JSClient", "X4PK6D_2023241.JSClient\X4PK6D_2023241.JSClient.csproj", "{88351497-17B7-4F74-A37D-99B186255EA8}"
EndProject
Global
	GlobalSection(SolutionConfigurationPlatforms) = preSolution
		Debug|Any CPU = Debug|Any CPU
		Release|Any CPU = Release|Any CPU
	EndGlobalSection
	GlobalSection(ProjectConfigurationPlatforms) = postSolution
		{3F5A8CEF-D0B9-47BD-B1CF-24FA2E4E944D}.Debug|Any CPU.ActiveCfg = Debug|Any CPU
		{3F5A8CEF-D0B9-47BD-B1CF-24FA2E4E944D}.Debug|Any CPU.Build.0 = Debug|Any CPU
		{3F5A8CEF-D0B9-47BD-B1CF-24FA2E4E944D}.Release|Any CPU.ActiveCfg = Release|Any CPU
		{3F5A8CEF-D0B9-47BD-B1CF-24FA2E4E944D}.Release|Any CPU.Build.0 = Release|Any CPU
		{0A3EA314-2723-4D8A-B0E3-A75C6865778A}.Debug|Any CPU.ActiveCfg = Debug|Any CPU
		{0A3EA314-2723-4D8A-B0E3-A75C6865778A}.Debug|Any CPU.Build.0 = Debug|Any CPU
		{0A3EA314-2723-4D8A-B0E3-A75C6865778A}.Release|Any CPU.ActiveCfg = Release|Any CPU
		{0A3EA314-2723-4D8A-B0E3-A75C6865778A}.Release|Any CPU.Build.0 = Release|Any CPU
		{D4C4F768-0C76-484F-972F-3862EFB24D73}.Debug|Any CPU.ActiveCfg = Debug|Any CPU
		{D4C4F768-0C76-484F-972F-3862EFB24D73}.Debug|Any CPU.Build.0 = Debug|Any CPU
		{D4C4F768-0C76-484F-972F-3862EFB24D73}.Release|Any CPU.ActiveCfg = Release|Any CPU
		{D4C4F768-0C76-484F-972F-3862EFB24D73}.Release|Any CPU.Build.0 = Release|Any CPU
		{6575BD7C-9FAF-451F-8E67-9070494EEA5A}.Debug|Any CPU.ActiveCfg = Debug|Any CPU
		{6575BD7C-9FAF-451F-8E67-9070494EEA5A}.Debug|Any CPU.Build.0 = Debug|Any CPU
		{6575BD7C-9FAF-451F-8E67-9070494EEA5A}.Release|Any CPU.ActiveCfg = Release|Any CPU
		{6575BD7C-9FAF-451F-8E67-9070494EEA5A}.Release|Any CPU.Build.0 = Release|Any CPU
		{2AE63869-BEAB-4E25-B587-D0DB71506245}.Debug|Any CPU.ActiveCfg = Debug|Any CPU
		{2AE63869-BEAB-4E25-B587-D0DB71506245}.Debug|Any CPU.Build.0 = Debug|Any CPU
		{2AE63869-BEAB-4E25-B587-D0DB71506245}.Release|Any CPU.ActiveCfg = Release|Any CPU
		{2AE63869-BEAB-4E25-B587-D0DB71506245}.Release|Any CPU.Build.0 = Release|Any CPU
		{F74939C6-39F5-42F6-9D32-C17DC7FD8825}.Debug|Any CPU.ActiveCfg = Debug|Any CPU
		{F74939C6-39F5-42F6-9D32-C17DC7FD8825}.Debug|Any CPU.Build.0 = Debug|Any CPU
		{F74939C6-39F5-42F6-9D32-C17DC7FD8825}.Release|Any CPU.ActiveCfg = Release|Any CPU
		{F74939C6-39F5-42F6-9D32-C17DC7FD8825}.Release|Any CPU.Build.0 = Release|Any CPU
		{E6C5AE14-2622-4E89-A6B6-C0E62349B391}.Debug|Any CPU.ActiveCfg = Debug|Any CPU
		{E6C5AE14-2622-4E89-A6B6-C0E62349B391}.Debug|Any CPU.Build.0 = Debug|Any CPU
		{E6C5AE14-2622-4E89-A6B6-C0E62349B391}.Release|Any CPU.ActiveCfg = Release|Any CPU
		{E6C5AE14-2622-4E89-A6B6-C0E62349B391}.Release|Any CPU.Build.0 = Release|Any CPU
		{88351497-17B7-4F74-A37D-99B186255EA8}.Debug|Any CPU.ActiveCfg = Debug|Any CPU
		{88351497-17B7-4F74-A37D-99B186255EA8}.Debug|Any CPU.Build.0 = Debug|Any CPU
		{88351497-17B7-4F74-A37D-99B186255EA8}.Release|Any CPU.ActiveCfg = Release|Any CPU
		{88351497-17B7-4F74-A37D-99B186255EA8}.Release|Any CPU.Build.0 = Release|Any CPU
	EndGlobalSection
	GlobalSection(SolutionProperties) = preSolution
		HideSolutionNode = FALSE
	EndGlobalSection
	GlobalSection(NestedProjects) = preSolution
		{3F5A8CEF-D0B9-47BD-B1CF-24FA2E4E944D} = {AD398E6E-778A-41BB-93C9-1A9216E0A609}
		{0A3EA314-2723-4D8A-B0E3-A75C6865778A} = {F12187B0-3D38-47A5-9354-2DAA4433B8FD}
		{D4C4F768-0C76-484F-972F-3862EFB24D73} = {2A422B18-E3F6-428B-8B02-87A5B7642CEE}
		{6575BD7C-9FAF-451F-8E67-9070494EEA5A} = {2A422B18-E3F6-428B-8B02-87A5B7642CEE}
		{2AE63869-BEAB-4E25-B587-D0DB71506245} = {2A422B18-E3F6-428B-8B02-87A5B7642CEE}
		{F74939C6-39F5-42F6-9D32-C17DC7FD8825} = {2A422B18-E3F6-428B-8B02-87A5B7642CEE}
		{E6C5AE14-2622-4E89-A6B6-C0E62349B391} = {AD398E6E-778A-41BB-93C9-1A9216E0A609}
	EndGlobalSection
	GlobalSection(ExtensibilityGlobals) = postSolution
		SolutionGuid = {103EF8EB-3EF4-4FFD-A003-2475AB673753}
	EndGlobalSection
EndGlobal
